{
  "version": 4,
  "terraform_version": "1.12.2",
  "serial": 16,
  "lineage": "6951ea48-d2a1-0b0b-77d3-502a5c19ed2b",
  "outputs": {
    "bucket_arn": {
      "value": "arn:aws:s3:::my-artifact-bucket-nishu",
      "type": "string"
    },
    "bucket_name": {
      "value": "my-artifact-bucket-nishu",
      "type": "string"
    }
  },
  "resources": [
    {
      "mode": "managed",
      "type": "aws_s3_bucket",
      "name": "artifact",
      "provider": "provider[\"registry.terraform.io/hashicorp/aws\"]",
      "instances": [
        {
          "schema_version": 0,
          "attributes": {
            "acceleration_status": "",
            "acl": "private",
            "arn": "arn:aws:s3:::my-artifact-bucket-nishu",
            "bucket": "my-artifact-bucket-nishu",
            "bucket_domain_name": "my-artifact-bucket-nishu.s3.amazonaws.com",
            "bucket_prefix": "",
            "bucket_regional_domain_name": "my-artifact-bucket-nishu.s3.ap-south-1.amazonaws.com",
            "cors_rule": [],
            "force_destroy": false,
            "grant": [
              {
                "id": "bd90e404f8fc87ff98a8c1b781b0db94d94199ed04eb1ad5280799719c0c59dc",
                "permissions": [
                  "FULL_CONTROL"
                ],
                "type": "CanonicalUser",
                "uri": ""
              }
            ],
            "hosted_zone_id": "Z11RGJOFQNVJUP",
            "id": "my-artifact-bucket-nishu",
            "lifecycle_rule": [],
            "logging": [
              {
                "target_bucket": "mydevopsbucket17",
                "target_prefix": "logs/"
              }
            ],
            "object_lock_configuration": [],
            "object_lock_enabled": false,
            "policy": "",
            "region": "ap-south-1",
            "replication_configuration": [],
            "request_payer": "BucketOwner",
            "server_side_encryption_configuration": [
              {
                "rule": [
                  {
                    "apply_server_side_encryption_by_default": [
                      {
                        "kms_master_key_id": "arn:aws:kms:ap-south-1:251294205751:key/438ff320-b50b-459d-9379-7f01268a739b",
                        "sse_algorithm": "aws:kms"
                      }
                    ],
                    "bucket_key_enabled": false
                  }
                ]
              }
            ],
            "tags": {
              "Name": "my-artifact-bucket-nishu",
              "Project": "DEVSECOPS"
            },
            "tags_all": {
              "Name": "my-artifact-bucket-nishu",
              "Project": "DEVSECOPS"
            },
            "timeouts": null,
            "versioning": [
              {
                "enabled": true,
                "mfa_delete": false
              }
            ],
            "website": [],
            "website_domain": null,
            "website_endpoint": null
          },
          "sensitive_attributes": [],
          "identity_schema_version": 0,
          "private": "eyJlMmJmYjczMC1lY2FhLTExZTYtOGY4OC0zNDM2M2JjN2M0YzAiOnsiY3JlYXRlIjoxMjAwMDAwMDAwMDAwLCJkZWxldGUiOjM2MDAwMDAwMDAwMDAsInJlYWQiOjEyMDAwMDAwMDAwMDAsInVwZGF0ZSI6MTIwMDAwMDAwMDAwMH19"
        }
      ]
    },
    {
      "mode": "managed",
      "type": "aws_s3_bucket_public_access_block",
      "name": "artifact_block_public",
      "provider": "provider[\"registry.terraform.io/hashicorp/aws\"]",
      "instances": [
        {
          "schema_version": 0,
          "attributes": {
            "block_public_acls": true,
            "block_public_policy": true,
            "bucket": "my-artifact-bucket-nishu",
            "id": "my-artifact-bucket-nishu",
            "ignore_public_acls": true,
            "restrict_public_buckets": true
          },
          "sensitive_attributes": [],
          "identity_schema_version": 0,
          "private": "bnVsbA==",
          "dependencies": [
            "aws_s3_bucket.artifact"
          ]
        }
      ]
    }
  ],
  "check_results": null
}
